
Microsoft Visual Studio Solution File, Format Version 12.00
# Visual Studio 2013
VisualStudioVersion = 12.0.30723.0
MinimumVisualStudioVersion = 10.0.40219.1
Project("{FAE04EC0-301F-11D3-BF4B-00C04F79EFBC}") = "Yahtzee", "Yahtzee\Yahtzee.csproj", "{20092DD2-D8FC-4E42-ABE0-84A5731B6818}"
EndProject
Global
	GlobalSection(SolutionConfigurationPlatforms) = preSolution
		Debug|Any CPU = Debug|Any CPU
		Release|Any CPU = Release|Any CPU
	EndGlobalSection
	GlobalSection(ProjectConfigurationPlatforms) = postSolution
		{20092DD2-D8FC-4E42-ABE0-84A5731B6818}.Debug|Any CPU.ActiveCfg = Debug|Any CPU
		{20092DD2-D8FC-4E42-ABE0-84A5731B6818}.Debug|Any CPU.Build.0 = Debug|Any CPU
		{20092DD2-D8FC-4E42-ABE0-84A5731B6818}.Release|Any CPU.ActiveCfg = Release|Any CPU
		{20092DD2-D8FC-4E42-ABE0-84A5731B6818}.Release|Any CPU.Build.0 = Release|Any CPU
	EndGlobalSection
	GlobalSection(SolutionProperties) = preSolution
		HideSolutionNode = FALSE
	EndGlobalSection
EndGlobal
